{
  "version": 4,
  "terraform_version": "1.14.3",
  "serial": 21,
  "lineage": "ddb197b4-da77-f615-1f58-1a5fa3e67d38",
  "outputs": {
    "fid": {
      "value": "7a4e50427bfb3f19d9fa348248326e8f13391e23",
      "type": "string"
    },
    "oa1": {
      "value": "a",
      "type": "string"
    },
    "oa2": {
      "value": 2,
      "type": "number"
    },
    "oa3": {
      "value": 3,
      "type": "number"
    },
    "oa4": {
      "value": 4,
      "type": "number"
    },
    "oa5": {
      "value": "a5",
      "type": "string"
    }
  },
  "resources": [
    {
      "mode": "managed",
      "type": "local_file",
      "name": "f1",
      "provider": "provider[\"registry.terraform.io/hashicorp/local\"]",
      "instances": [
        {
          "schema_version": 0,
          "attributes": {
            "content": "this is test from locals",
            "content_base64": null,
            "content_base64sha256": "od4EYJmmsDqDs7AAUgp2yhsXmAgbsuEtgTdaA0c4QEs=",
            "content_base64sha512": "mYnvbUJWJvIev85GpYV9E3AJKCle9FbbpB3cULAN6x6r/jNFGX/TBW39pGhg5EMHEQ1tiPqVqW9qoZiCScVzIQ==",
            "content_md5": "71fedfadc94ecbd8d2d15ffc88305763",
            "content_sha1": "7a4e50427bfb3f19d9fa348248326e8f13391e23",
            "content_sha256": "a1de046099a6b03a83b3b000520a76ca1b1798081bb2e12d81375a034738404b",
            "content_sha512": "9989ef6d425626f21ebfce46a5857d13700928295ef456dba41ddc50b00deb1eabfe3345197fd3056dfda46860e44307110d6d88fa95a96f6aa1988249c57321",
            "directory_permission": "0777",
            "file_permission": "0777",
            "filename": "abc.txt",
            "id": "7a4e50427bfb3f19d9fa348248326e8f13391e23",
            "sensitive_content": null,
            "source": null
          },
          "sensitive_attributes": [
            [
              {
                "type": "get_attr",
                "value": "sensitive_content"
              }
            ]
          ],
          "identity_schema_version": 0
        }
      ]
    },
    {
      "mode": "managed",
      "type": "local_file",
      "name": "f2",
      "provider": "provider[\"registry.terraform.io/hashicorp/local\"]",
      "instances": [
        {
          "schema_version": 0,
          "attributes": {
            "content": "adding content to the file",
            "content_base64": null,
            "content_base64sha256": "5eHbTH+obiwRliZBlKByuXWmLnilPxu8P6Y0SvsOheg=",
            "content_base64sha512": "6Taz6IwBVi9wTve7UfG5ktXL7CwRBh28l9+Mor9pw9iMxkzg2U9rjxLHbn6O3MwcFpz7le32aZm0LTNCyhlxPg==",
            "content_md5": "86abd7036bd7489e734d54c5558ebfbf",
            "content_sha1": "9f23574f78e2b33cdc9dd434ee02f039c6c7e2cd",
            "content_sha256": "e5e1db4c7fa86e2c1196264194a072b975a62e78a53f1bbc3fa6344afb0e85e8",
            "content_sha512": "e936b3e88c01562f704ef7bb51f1b992d5cbec2c11061dbc97df8ca2bf69c3d88cc64ce0d94f6b8f12c76e7e8edccc1c169cfb95edf66999b42d3342ca19713e",
            "directory_permission": "0777",
            "file_permission": "0777",
            "filename": "zxc.txt",
            "id": "9f23574f78e2b33cdc9dd434ee02f039c6c7e2cd",
            "sensitive_content": null,
            "source": null
          },
          "sensitive_attributes": [
            [
              {
                "type": "get_attr",
                "value": "sensitive_content"
              }
            ]
          ],
          "identity_schema_version": 0
        }
      ]
    }
  ],
  "check_results": null
}
