{
  "version": 4,
  "terraform_version": "1.14.3",
  "serial": 8,
  "lineage": "fb57435b-f849-2d96-35a1-7a9bbd1d6950",
  "outputs": {},
  "resources": [
    {
      "mode": "managed",
      "type": "local_file",
      "name": "firstfile",
      "provider": "provider[\"registry.terraform.io/hashicorp/local\"]",
      "instances": [
        {
          "schema_version": 0,
          "attributes": {
            "content": "This is my modified txt file",
            "content_base64": null,
            "content_base64sha256": "CPS/S7iLTAIPT5ZDBBgkZ+f7uIXoNU9GsWydUIKwph0=",
            "content_base64sha512": "XGgpbtsl9B+WCSXgdvxbDYwFKpu41Rt96QS1rIPl6pPHDDC8+ag6QeI07k96IAvLEvKJnC71hCzHh4FrnKzh3g==",
            "content_md5": "9315a173258a79125f9352df5c58bd94",
            "content_sha1": "827172604467ba158c244778d1cc1e7d23f508cc",
            "content_sha256": "08f4bf4bb88b4c020f4f964304182467e7fbb885e8354f46b16c9d5082b0a61d",
            "content_sha512": "5c68296edb25f41f960925e076fc5b0d8c052a9bb8d51b7de904b5ac83e5ea93c70c30bcf9a83a41e234ee4f7a200bcb12f2899c2ef5842cc787816b9cace1de",
            "directory_permission": "0777",
            "file_permission": "0777",
            "filename": "abc.txt",
            "id": "827172604467ba158c244778d1cc1e7d23f508cc",
            "sensitive_content": null,
            "source": null
          },
          "sensitive_attributes": [
            [
              {
                "type": "get_attr",
                "value": "sensitive_content"
              }
            ]
          ],
          "identity_schema_version": 0
        }
      ]
    }
  ],
  "check_results": null
}
